
Microsoft Visual Studio Solution File, Format Version 12.00
# Visual Studio 2017
Project("{FAE04EC0-301F-11D3-BF4B-00C04F79EFBC}") = "Chess2", "Chess2.csproj", "{8CE81A75-C200-85D0-976D-A9FE3A8C06B3}"
EndProject
Project("{FAE04EC0-301F-11D3-BF4B-00C04F79EFBC}") = "Runtime", "Runtime.csproj", "{0ECB8D92-E7F6-4E05-84D6-21677C5F5028}"
EndProject
Project("{FAE04EC0-301F-11D3-BF4B-00C04F79EFBC}") = "Unity.PackageManagerUI.Editor", "Unity.PackageManagerUI.Editor.csproj", "{6877705C-FBD9-0C4F-5AFB-6FB431E5D39D}"
EndProject
Project("{FAE04EC0-301F-11D3-BF4B-00C04F79EFBC}") = "Chess2.Editor", "Chess2.Editor.csproj", "{83AD6936-5BFE-9C1E-6771-E96BF068B1FC}"
EndProject
Project("{FAE04EC0-301F-11D3-BF4B-00C04F79EFBC}") = "UnityEditor.StandardEvents", "UnityEditor.StandardEvents.csproj", "{6800202F-4402-D405-F8CB-03DC7BD78B92}"
EndProject
Global
	GlobalSection(SolutionConfigurationPlatforms) = preSolution
		Debug|Any CPU = Debug|Any CPU
		Release|Any CPU = Release|Any CPU
	EndGlobalSection
	GlobalSection(ProjectConfigurationPlatforms) = postSolution
		{8CE81A75-C200-85D0-976D-A9FE3A8C06B3}.Debug|Any CPU.ActiveCfg = Debug|Any CPU
		{8CE81A75-C200-85D0-976D-A9FE3A8C06B3}.Debug|Any CPU.Build.0 = Debug|Any CPU
		{8CE81A75-C200-85D0-976D-A9FE3A8C06B3}.Release|Any CPU.ActiveCfg = Release|Any CPU
		{8CE81A75-C200-85D0-976D-A9FE3A8C06B3}.Release|Any CPU.Build.0 = Release|Any CPU
		{0ECB8D92-E7F6-4E05-84D6-21677C5F5028}.Debug|Any CPU.ActiveCfg = Debug|Any CPU
		{0ECB8D92-E7F6-4E05-84D6-21677C5F5028}.Debug|Any CPU.Build.0 = Debug|Any CPU
		{0ECB8D92-E7F6-4E05-84D6-21677C5F5028}.Release|Any CPU.ActiveCfg = Release|Any CPU
		{0ECB8D92-E7F6-4E05-84D6-21677C5F5028}.Release|Any CPU.Build.0 = Release|Any CPU
		{6877705C-FBD9-0C4F-5AFB-6FB431E5D39D}.Debug|Any CPU.ActiveCfg = Debug|Any CPU
		{6877705C-FBD9-0C4F-5AFB-6FB431E5D39D}.Debug|Any CPU.Build.0 = Debug|Any CPU
		{6877705C-FBD9-0C4F-5AFB-6FB431E5D39D}.Release|Any CPU.ActiveCfg = Release|Any CPU
		{6877705C-FBD9-0C4F-5AFB-6FB431E5D39D}.Release|Any CPU.Build.0 = Release|Any CPU
		{83AD6936-5BFE-9C1E-6771-E96BF068B1FC}.Debug|Any CPU.ActiveCfg = Debug|Any CPU
		{83AD6936-5BFE-9C1E-6771-E96BF068B1FC}.Debug|Any CPU.Build.0 = Debug|Any CPU
		{83AD6936-5BFE-9C1E-6771-E96BF068B1FC}.Release|Any CPU.ActiveCfg = Release|Any CPU
		{83AD6936-5BFE-9C1E-6771-E96BF068B1FC}.Release|Any CPU.Build.0 = Release|Any CPU
		{6800202F-4402-D405-F8CB-03DC7BD78B92}.Debug|Any CPU.ActiveCfg = Debug|Any CPU
		{6800202F-4402-D405-F8CB-03DC7BD78B92}.Debug|Any CPU.Build.0 = Debug|Any CPU
		{6800202F-4402-D405-F8CB-03DC7BD78B92}.Release|Any CPU.ActiveCfg = Release|Any CPU
		{6800202F-4402-D405-F8CB-03DC7BD78B92}.Release|Any CPU.Build.0 = Release|Any CPU
	EndGlobalSection
	GlobalSection(SolutionProperties) = preSolution
		HideSolutionNode = FALSE
	EndGlobalSection
EndGlobal
